
Microsoft Visual Studio Solution File, Format Version 12.00
# Visual Studio Version 17
VisualStudioVersion = 17.6.33417.168
MinimumVisualStudioVersion = 10.0.40219.1
Project("{9A19103F-16F7-4668-BE54-9A1E7A4F7556}") = "FS2020Control", "FS2020Control\FS2020Control.csproj", "{729D9AC0-9589-4EF0-84EE-EA788E6DB4E2}"
EndProject
Project("{9A19103F-16F7-4668-BE54-9A1E7A4F7556}") = "FS2020ControlTest", "FS2020ControlTest\FS2020ControlTest.csproj", "{DDB7EDDD-1598-4E09-B366-ECCAAD5B44B6}"
EndProject
Project("{2150E333-8FDC-42A3-9474-1A3956D46DE8}") = "Solution Items", "Solution Items", "{C01137FA-C947-4096-A17A-B5A65917CBD8}"
	ProjectSection(SolutionItems) = preProject
		png\FS2020App.png = png\FS2020App.png
		png\FS2020DoubleClick.png = png\FS2020DoubleClick.png
		png\FS2020Excel.png = png\FS2020Excel.png
		png\FS2020SQLite.png = png\FS2020SQLite.png
		README.md = README.md
	EndProjectSection
EndProject
Global
	GlobalSection(SolutionConfigurationPlatforms) = preSolution
		Debug|Any CPU = Debug|Any CPU
		Debug|ARM = Debug|ARM
		Debug|ARM64 = Debug|ARM64
		Debug|x64 = Debug|x64
		Debug|x86 = Debug|x86
		Release|Any CPU = Release|Any CPU
		Release|ARM = Release|ARM
		Release|ARM64 = Release|ARM64
		Release|x64 = Release|x64
		Release|x86 = Release|x86
	EndGlobalSection
	GlobalSection(ProjectConfigurationPlatforms) = postSolution
		{729D9AC0-9589-4EF0-84EE-EA788E6DB4E2}.Debug|Any CPU.ActiveCfg = Debug|Any CPU
		{729D9AC0-9589-4EF0-84EE-EA788E6DB4E2}.Debug|Any CPU.Build.0 = Debug|Any CPU
		{729D9AC0-9589-4EF0-84EE-EA788E6DB4E2}.Debug|ARM.ActiveCfg = Debug|Any CPU
		{729D9AC0-9589-4EF0-84EE-EA788E6DB4E2}.Debug|ARM.Build.0 = Debug|Any CPU
		{729D9AC0-9589-4EF0-84EE-EA788E6DB4E2}.Debug|ARM64.ActiveCfg = Debug|Any CPU
		{729D9AC0-9589-4EF0-84EE-EA788E6DB4E2}.Debug|ARM64.Build.0 = Debug|Any CPU
		{729D9AC0-9589-4EF0-84EE-EA788E6DB4E2}.Debug|x64.ActiveCfg = Debug|Any CPU
		{729D9AC0-9589-4EF0-84EE-EA788E6DB4E2}.Debug|x64.Build.0 = Debug|Any CPU
		{729D9AC0-9589-4EF0-84EE-EA788E6DB4E2}.Debug|x86.ActiveCfg = Debug|Any CPU
		{729D9AC0-9589-4EF0-84EE-EA788E6DB4E2}.Debug|x86.Build.0 = Debug|Any CPU
		{729D9AC0-9589-4EF0-84EE-EA788E6DB4E2}.Release|Any CPU.ActiveCfg = Release|Any CPU
		{729D9AC0-9589-4EF0-84EE-EA788E6DB4E2}.Release|Any CPU.Build.0 = Release|Any CPU
		{729D9AC0-9589-4EF0-84EE-EA788E6DB4E2}.Release|ARM.ActiveCfg = Release|Any CPU
		{729D9AC0-9589-4EF0-84EE-EA788E6DB4E2}.Release|ARM.Build.0 = Release|Any CPU
		{729D9AC0-9589-4EF0-84EE-EA788E6DB4E2}.Release|ARM64.ActiveCfg = Release|Any CPU
		{729D9AC0-9589-4EF0-84EE-EA788E6DB4E2}.Release|ARM64.Build.0 = Release|Any CPU
		{729D9AC0-9589-4EF0-84EE-EA788E6DB4E2}.Release|x64.ActiveCfg = Release|Any CPU
		{729D9AC0-9589-4EF0-84EE-EA788E6DB4E2}.Release|x64.Build.0 = Release|Any CPU
		{729D9AC0-9589-4EF0-84EE-EA788E6DB4E2}.Release|x86.ActiveCfg = Release|Any CPU
		{729D9AC0-9589-4EF0-84EE-EA788E6DB4E2}.Release|x86.Build.0 = Release|Any CPU
		{DDB7EDDD-1598-4E09-B366-ECCAAD5B44B6}.Debug|Any CPU.ActiveCfg = Debug|Any CPU
		{DDB7EDDD-1598-4E09-B366-ECCAAD5B44B6}.Debug|Any CPU.Build.0 = Debug|Any CPU
		{DDB7EDDD-1598-4E09-B366-ECCAAD5B44B6}.Debug|ARM.ActiveCfg = Debug|Any CPU
		{DDB7EDDD-1598-4E09-B366-ECCAAD5B44B6}.Debug|ARM.Build.0 = Debug|Any CPU
		{DDB7EDDD-1598-4E09-B366-ECCAAD5B44B6}.Debug|ARM64.ActiveCfg = Debug|Any CPU
		{DDB7EDDD-1598-4E09-B366-ECCAAD5B44B6}.Debug|ARM64.Build.0 = Debug|Any CPU
		{DDB7EDDD-1598-4E09-B366-ECCAAD5B44B6}.Debug|x64.ActiveCfg = Debug|Any CPU
		{DDB7EDDD-1598-4E09-B366-ECCAAD5B44B6}.Debug|x64.Build.0 = Debug|Any CPU
		{DDB7EDDD-1598-4E09-B366-ECCAAD5B44B6}.Debug|x86.ActiveCfg = Debug|Any CPU
		{DDB7EDDD-1598-4E09-B366-ECCAAD5B44B6}.Debug|x86.Build.0 = Debug|Any CPU
		{DDB7EDDD-1598-4E09-B366-ECCAAD5B44B6}.Release|Any CPU.ActiveCfg = Release|Any CPU
		{DDB7EDDD-1598-4E09-B366-ECCAAD5B44B6}.Release|Any CPU.Build.0 = Release|Any CPU
		{DDB7EDDD-1598-4E09-B366-ECCAAD5B44B6}.Release|ARM.ActiveCfg = Release|Any CPU
		{DDB7EDDD-1598-4E09-B366-ECCAAD5B44B6}.Release|ARM.Build.0 = Release|Any CPU
		{DDB7EDDD-1598-4E09-B366-ECCAAD5B44B6}.Release|ARM64.ActiveCfg = Release|Any CPU
		{DDB7EDDD-1598-4E09-B366-ECCAAD5B44B6}.Release|ARM64.Build.0 = Release|Any CPU
		{DDB7EDDD-1598-4E09-B366-ECCAAD5B44B6}.Release|x64.ActiveCfg = Release|Any CPU
		{DDB7EDDD-1598-4E09-B366-ECCAAD5B44B6}.Release|x64.Build.0 = Release|Any CPU
		{DDB7EDDD-1598-4E09-B366-ECCAAD5B44B6}.Release|x86.ActiveCfg = Release|Any CPU
		{DDB7EDDD-1598-4E09-B366-ECCAAD5B44B6}.Release|x86.Build.0 = Release|Any CPU
	EndGlobalSection
	GlobalSection(SolutionProperties) = preSolution
		HideSolutionNode = FALSE
	EndGlobalSection
	GlobalSection(ExtensibilityGlobals) = postSolution
		SolutionGuid = {D0838BEB-B44F-44CD-B1CF-3624D0F71841}
	EndGlobalSection
EndGlobal
